
Microsoft Visual Studio Solution File, Format Version 12.00
# Visual Studio Version 16
VisualStudioVersion = 16.0.31410.357
MinimumVisualStudioVersion = 10.0.40219.1
Project("{FAE04EC0-301F-11D3-BF4B-00C04F79EFBC}") = "LinuxBasicGraphic", "LinuxBasicGraphic\LinuxBasicGraphic.csproj", "{3BCEFCD6-DCEF-4C3C-B1C2-EDB469741CB9}"
EndProject
Global
	GlobalSection(SolutionConfigurationPlatforms) = preSolution
		Debug|Any CPU = Debug|Any CPU
		Release|Any CPU = Release|Any CPU
	EndGlobalSection
	GlobalSection(ProjectConfigurationPlatforms) = postSolution
		{3BCEFCD6-DCEF-4C3C-B1C2-EDB469741CB9}.Debug|Any CPU.ActiveCfg = Debug|Any CPU
		{3BCEFCD6-DCEF-4C3C-B1C2-EDB469741CB9}.Debug|Any CPU.Build.0 = Debug|Any CPU
		{3BCEFCD6-DCEF-4C3C-B1C2-EDB469741CB9}.Release|Any CPU.ActiveCfg = Release|Any CPU
		{3BCEFCD6-DCEF-4C3C-B1C2-EDB469741CB9}.Release|Any CPU.Build.0 = Release|Any CPU
	EndGlobalSection
	GlobalSection(SolutionProperties) = preSolution
		HideSolutionNode = FALSE
	EndGlobalSection
	GlobalSection(ExtensibilityGlobals) = postSolution
		SolutionGuid = {D7BAE3BE-9729-49F3-BA3F-4B80030FB30B}
	EndGlobalSection
EndGlobal
